
Microsoft Visual Studio Solution File, Format Version 12.00
# Visual Studio 2013
VisualStudioVersion = 12.0.31101.0
MinimumVisualStudioVersion = 10.0.40219.1
Project("{FAE04EC0-301F-11D3-BF4B-00C04F79EFBC}") = "DiabetesLog", "DiabetesLog\DiabetesLog\DiabetesLog.csproj", "{12AF7272-2E81-4366-B5A0-9645CC6F5400}"
EndProject
Project("{FAE04EC0-301F-11D3-BF4B-00C04F79EFBC}") = "DiabetesLog.iOS", "DiabetesLog\DiabetesLog.iOS\DiabetesLog.iOS.csproj", "{15B09340-DB40-41CB-BF1A-B6E6D3439692}"
EndProject
Project("{FAE04EC0-301F-11D3-BF4B-00C04F79EFBC}") = "DiabetesLog.Droid", "DiabetesLog\DiabetesLog.Droid\DiabetesLog.Droid.csproj", "{94779BD0-F20F-40C4-A265-D13D3A0E8425}"
EndProject
Project("{FAE04EC0-301F-11D3-BF4B-00C04F79EFBC}") = "DiabetesLog.WinPhone", "DiabetesLog\DiabetesLog.WinPhone\DiabetesLog.WinPhone.csproj", "{61F554ED-37AC-4B31-A465-F83965D01BFB}"
EndProject
Project("{2150E333-8FDC-42A3-9474-1A3956D46DE8}") = "Tests", "Tests", "{8EF33E96-1DFE-4027-B908-5BB8FFBECDE8}"
EndProject
Project("{FAE04EC0-301F-11D3-BF4B-00C04F79EFBC}") = "AndroidTests", "Tests\AndroidTests\AndroidTests.csproj", "{5B2C47AF-44E1-44A5-8432-8B0946DB8A44}"
EndProject
Global
	GlobalSection(SolutionConfigurationPlatforms) = preSolution
		Ad-Hoc|Any CPU = Ad-Hoc|Any CPU
		Ad-Hoc|ARM = Ad-Hoc|ARM
		Ad-Hoc|iPhone = Ad-Hoc|iPhone
		Ad-Hoc|iPhoneSimulator = Ad-Hoc|iPhoneSimulator
		Ad-Hoc|Mixed Platforms = Ad-Hoc|Mixed Platforms
		Ad-Hoc|x86 = Ad-Hoc|x86
		AppStore|Any CPU = AppStore|Any CPU
		AppStore|ARM = AppStore|ARM
		AppStore|iPhone = AppStore|iPhone
		AppStore|iPhoneSimulator = AppStore|iPhoneSimulator
		AppStore|Mixed Platforms = AppStore|Mixed Platforms
		AppStore|x86 = AppStore|x86
		Debug|Any CPU = Debug|Any CPU
		Debug|ARM = Debug|ARM
		Debug|iPhone = Debug|iPhone
		Debug|iPhoneSimulator = Debug|iPhoneSimulator
		Debug|Mixed Platforms = Debug|Mixed Platforms
		Debug|x86 = Debug|x86
		Release|Any CPU = Release|Any CPU
		Release|ARM = Release|ARM
		Release|iPhone = Release|iPhone
		Release|iPhoneSimulator = Release|iPhoneSimulator
		Release|Mixed Platforms = Release|Mixed Platforms
		Release|x86 = Release|x86
	EndGlobalSection
	GlobalSection(ProjectConfigurationPlatforms) = postSolution
		{12AF7272-2E81-4366-B5A0-9645CC6F5400}.Ad-Hoc|Any CPU.ActiveCfg = Release|Any CPU
		{12AF7272-2E81-4366-B5A0-9645CC6F5400}.Ad-Hoc|Any CPU.Build.0 = Release|Any CPU
		{12AF7272-2E81-4366-B5A0-9645CC6F5400}.Ad-Hoc|ARM.ActiveCfg = Release|Any CPU
		{12AF7272-2E81-4366-B5A0-9645CC6F5400}.Ad-Hoc|ARM.Build.0 = Release|Any CPU
		{12AF7272-2E81-4366-B5A0-9645CC6F5400}.Ad-Hoc|iPhone.ActiveCfg = Release|Any CPU
		{12AF7272-2E81-4366-B5A0-9645CC6F5400}.Ad-Hoc|iPhone.Build.0 = Release|Any CPU
		{12AF7272-2E81-4366-B5A0-9645CC6F5400}.Ad-Hoc|iPhoneSimulator.ActiveCfg = Release|Any CPU
		{12AF7272-2E81-4366-B5A0-9645CC6F5400}.Ad-Hoc|iPhoneSimulator.Build.0 = Release|Any CPU
		{12AF7272-2E81-4366-B5A0-9645CC6F5400}.Ad-Hoc|Mixed Platforms.ActiveCfg = Debug|Any CPU
		{12AF7272-2E81-4366-B5A0-9645CC6F5400}.Ad-Hoc|Mixed Platforms.Build.0 = Debug|Any CPU
		{12AF7272-2E81-4366-B5A0-9645CC6F5400}.Ad-Hoc|x86.ActiveCfg = Release|Any CPU
		{12AF7272-2E81-4366-B5A0-9645CC6F5400}.Ad-Hoc|x86.Build.0 = Release|Any CPU
		{12AF7272-2E81-4366-B5A0-9645CC6F5400}.AppStore|Any CPU.ActiveCfg = Release|Any CPU
		{12AF7272-2E81-4366-B5A0-9645CC6F5400}.AppStore|Any CPU.Build.0 = Release|Any CPU
		{12AF7272-2E81-4366-B5A0-9645CC6F5400}.AppStore|ARM.ActiveCfg = Release|Any CPU
		{12AF7272-2E81-4366-B5A0-9645CC6F5400}.AppStore|ARM.Build.0 = Release|Any CPU
		{12AF7272-2E81-4366-B5A0-9645CC6F5400}.AppStore|iPhone.ActiveCfg = Release|Any CPU
		{12AF7272-2E81-4366-B5A0-9645CC6F5400}.AppStore|iPhone.Build.0 = Release|Any CPU
		{12AF7272-2E81-4366-B5A0-9645CC6F5400}.AppStore|iPhoneSimulator.ActiveCfg = Release|Any CPU
		{12AF7272-2E81-4366-B5A0-9645CC6F5400}.AppStore|iPhoneSimulator.Build.0 = Release|Any CPU
		{12AF7272-2E81-4366-B5A0-9645CC6F5400}.AppStore|Mixed Platforms.ActiveCfg = Debug|Any CPU
		{12AF7272-2E81-4366-B5A0-9645CC6F5400}.AppStore|Mixed Platforms.Build.0 = Debug|Any CPU
		{12AF7272-2E81-4366-B5A0-9645CC6F5400}.AppStore|x86.ActiveCfg = Release|Any CPU
		{12AF7272-2E81-4366-B5A0-9645CC6F5400}.AppStore|x86.Build.0 = Release|Any CPU
		{12AF7272-2E81-4366-B5A0-9645CC6F5400}.Debug|Any CPU.ActiveCfg = Debug|Any CPU
		{12AF7272-2E81-4366-B5A0-9645CC6F5400}.Debug|Any CPU.Build.0 = Debug|Any CPU
		{12AF7272-2E81-4366-B5A0-9645CC6F5400}.Debug|ARM.ActiveCfg = Debug|Any CPU
		{12AF7272-2E81-4366-B5A0-9645CC6F5400}.Debug|ARM.Build.0 = Debug|Any CPU
		{12AF7272-2E81-4366-B5A0-9645CC6F5400}.Debug|iPhone.ActiveCfg = Debug|Any CPU
		{12AF7272-2E81-4366-B5A0-9645CC6F5400}.Debug|iPhone.Build.0 = Debug|Any CPU
		{12AF7272-2E81-4366-B5A0-9645CC6F5400}.Debug|iPhoneSimulator.ActiveCfg = Debug|Any CPU
		{12AF7272-2E81-4366-B5A0-9645CC6F5400}.Debug|iPhoneSimulator.Build.0 = Debug|Any CPU
		{12AF7272-2E81-4366-B5A0-9645CC6F5400}.Debug|Mixed Platforms.ActiveCfg = Debug|Any CPU
		{12AF7272-2E81-4366-B5A0-9645CC6F5400}.Debug|Mixed Platforms.Build.0 = Debug|Any CPU
		{12AF7272-2E81-4366-B5A0-9645CC6F5400}.Debug|x86.ActiveCfg = Debug|Any CPU
		{12AF7272-2E81-4366-B5A0-9645CC6F5400}.Debug|x86.Build.0 = Debug|Any CPU
		{12AF7272-2E81-4366-B5A0-9645CC6F5400}.Release|Any CPU.ActiveCfg = Release|Any CPU
		{12AF7272-2E81-4366-B5A0-9645CC6F5400}.Release|Any CPU.Build.0 = Release|Any CPU
		{12AF7272-2E81-4366-B5A0-9645CC6F5400}.Release|ARM.ActiveCfg = Release|Any CPU
		{12AF7272-2E81-4366-B5A0-9645CC6F5400}.Release|ARM.Build.0 = Release|Any CPU
		{12AF7272-2E81-4366-B5A0-9645CC6F5400}.Release|iPhone.ActiveCfg = Release|Any CPU
		{12AF7272-2E81-4366-B5A0-9645CC6F5400}.Release|iPhone.Build.0 = Release|Any CPU
		{12AF7272-2E81-4366-B5A0-9645CC6F5400}.Release|iPhoneSimulator.ActiveCfg = Release|Any CPU
		{12AF7272-2E81-4366-B5A0-9645CC6F5400}.Release|iPhoneSimulator.Build.0 = Release|Any CPU
		{12AF7272-2E81-4366-B5A0-9645CC6F5400}.Release|Mixed Platforms.ActiveCfg = Release|Any CPU
		{12AF7272-2E81-4366-B5A0-9645CC6F5400}.Release|Mixed Platforms.Build.0 = Release|Any CPU
		{12AF7272-2E81-4366-B5A0-9645CC6F5400}.Release|x86.ActiveCfg = Release|Any CPU
		{12AF7272-2E81-4366-B5A0-9645CC6F5400}.Release|x86.Build.0 = Release|Any CPU
		{15B09340-DB40-41CB-BF1A-B6E6D3439692}.Ad-Hoc|Any CPU.ActiveCfg = Ad-Hoc|iPhone
		{15B09340-DB40-41CB-BF1A-B6E6D3439692}.Ad-Hoc|ARM.ActiveCfg = Ad-Hoc|iPhone
		{15B09340-DB40-41CB-BF1A-B6E6D3439692}.Ad-Hoc|iPhone.ActiveCfg = Ad-Hoc|iPhone
		{15B09340-DB40-41CB-BF1A-B6E6D3439692}.Ad-Hoc|iPhone.Build.0 = Ad-Hoc|iPhone
		{15B09340-DB40-41CB-BF1A-B6E6D3439692}.Ad-Hoc|iPhoneSimulator.ActiveCfg = Ad-Hoc|iPhoneSimulator
		{15B09340-DB40-41CB-BF1A-B6E6D3439692}.Ad-Hoc|iPhoneSimulator.Build.0 = Ad-Hoc|iPhoneSimulator
		{15B09340-DB40-41CB-BF1A-B6E6D3439692}.Ad-Hoc|Mixed Platforms.ActiveCfg = Ad-Hoc|iPhoneSimulator
		{15B09340-DB40-41CB-BF1A-B6E6D3439692}.Ad-Hoc|Mixed Platforms.Build.0 = Ad-Hoc|iPhoneSimulator
		{15B09340-DB40-41CB-BF1A-B6E6D3439692}.Ad-Hoc|x86.ActiveCfg = Ad-Hoc|iPhone
		{15B09340-DB40-41CB-BF1A-B6E6D3439692}.AppStore|Any CPU.ActiveCfg = AppStore|iPhone
		{15B09340-DB40-41CB-BF1A-B6E6D3439692}.AppStore|ARM.ActiveCfg = AppStore|iPhone
		{15B09340-DB40-41CB-BF1A-B6E6D3439692}.AppStore|iPhone.ActiveCfg = AppStore|iPhone
		{15B09340-DB40-41CB-BF1A-B6E6D3439692}.AppStore|iPhone.Build.0 = AppStore|iPhone
		{15B09340-DB40-41CB-BF1A-B6E6D3439692}.AppStore|iPhoneSimulator.ActiveCfg = AppStore|iPhoneSimulator
		{15B09340-DB40-41CB-BF1A-B6E6D3439692}.AppStore|iPhoneSimulator.Build.0 = AppStore|iPhoneSimulator
		{15B09340-DB40-41CB-BF1A-B6E6D3439692}.AppStore|Mixed Platforms.ActiveCfg = AppStore|iPhoneSimulator
		{15B09340-DB40-41CB-BF1A-B6E6D3439692}.AppStore|Mixed Platforms.Build.0 = AppStore|iPhoneSimulator
		{15B09340-DB40-41CB-BF1A-B6E6D3439692}.AppStore|x86.ActiveCfg = AppStore|iPhone
		{15B09340-DB40-41CB-BF1A-B6E6D3439692}.Debug|Any CPU.ActiveCfg = Debug|iPhone
		{15B09340-DB40-41CB-BF1A-B6E6D3439692}.Debug|ARM.ActiveCfg = Debug|iPhone
		{15B09340-DB40-41CB-BF1A-B6E6D3439692}.Debug|iPhone.ActiveCfg = Debug|iPhone
		{15B09340-DB40-41CB-BF1A-B6E6D3439692}.Debug|iPhone.Build.0 = Debug|iPhone
		{15B09340-DB40-41CB-BF1A-B6E6D3439692}.Debug|iPhoneSimulator.ActiveCfg = Debug|iPhoneSimulator
		{15B09340-DB40-41CB-BF1A-B6E6D3439692}.Debug|iPhoneSimulator.Build.0 = Debug|iPhoneSimulator
		{15B09340-DB40-41CB-BF1A-B6E6D3439692}.Debug|Mixed Platforms.ActiveCfg = Debug|iPhoneSimulator
		{15B09340-DB40-41CB-BF1A-B6E6D3439692}.Debug|Mixed Platforms.Build.0 = Debug|iPhoneSimulator
		{15B09340-DB40-41CB-BF1A-B6E6D3439692}.Debug|x86.ActiveCfg = Debug|iPhone
		{15B09340-DB40-41CB-BF1A-B6E6D3439692}.Release|Any CPU.ActiveCfg = Release|iPhone
		{15B09340-DB40-41CB-BF1A-B6E6D3439692}.Release|ARM.ActiveCfg = Release|iPhone
		{15B09340-DB40-41CB-BF1A-B6E6D3439692}.Release|iPhone.ActiveCfg = Release|iPhone
		{15B09340-DB40-41CB-BF1A-B6E6D3439692}.Release|iPhone.Build.0 = Release|iPhone
		{15B09340-DB40-41CB-BF1A-B6E6D3439692}.Release|iPhoneSimulator.ActiveCfg = Release|iPhoneSimulator
		{15B09340-DB40-41CB-BF1A-B6E6D3439692}.Release|iPhoneSimulator.Build.0 = Release|iPhoneSimulator
		{15B09340-DB40-41CB-BF1A-B6E6D3439692}.Release|Mixed Platforms.ActiveCfg = Release|iPhoneSimulator
		{15B09340-DB40-41CB-BF1A-B6E6D3439692}.Release|Mixed Platforms.Build.0 = Release|iPhoneSimulator
		{15B09340-DB40-41CB-BF1A-B6E6D3439692}.Release|x86.ActiveCfg = Release|iPhone
		{94779BD0-F20F-40C4-A265-D13D3A0E8425}.Ad-Hoc|Any CPU.ActiveCfg = Release|Any CPU
		{94779BD0-F20F-40C4-A265-D13D3A0E8425}.Ad-Hoc|Any CPU.Build.0 = Release|Any CPU
		{94779BD0-F20F-40C4-A265-D13D3A0E8425}.Ad-Hoc|Any CPU.Deploy.0 = Release|Any CPU
		{94779BD0-F20F-40C4-A265-D13D3A0E8425}.Ad-Hoc|ARM.ActiveCfg = Release|Any CPU
		{94779BD0-F20F-40C4-A265-D13D3A0E8425}.Ad-Hoc|ARM.Build.0 = Release|Any CPU
		{94779BD0-F20F-40C4-A265-D13D3A0E8425}.Ad-Hoc|ARM.Deploy.0 = Release|Any CPU
		{94779BD0-F20F-40C4-A265-D13D3A0E8425}.Ad-Hoc|iPhone.ActiveCfg = Release|Any CPU
		{94779BD0-F20F-40C4-A265-D13D3A0E8425}.Ad-Hoc|iPhone.Build.0 = Release|Any CPU
		{94779BD0-F20F-40C4-A265-D13D3A0E8425}.Ad-Hoc|iPhone.Deploy.0 = Release|Any CPU
		{94779BD0-F20F-40C4-A265-D13D3A0E8425}.Ad-Hoc|iPhoneSimulator.ActiveCfg = Release|Any CPU
		{94779BD0-F20F-40C4-A265-D13D3A0E8425}.Ad-Hoc|iPhoneSimulator.Build.0 = Release|Any CPU
		{94779BD0-F20F-40C4-A265-D13D3A0E8425}.Ad-Hoc|iPhoneSimulator.Deploy.0 = Release|Any CPU
		{94779BD0-F20F-40C4-A265-D13D3A0E8425}.Ad-Hoc|Mixed Platforms.ActiveCfg = Debug|Any CPU
		{94779BD0-F20F-40C4-A265-D13D3A0E8425}.Ad-Hoc|Mixed Platforms.Build.0 = Debug|Any CPU
		{94779BD0-F20F-40C4-A265-D13D3A0E8425}.Ad-Hoc|Mixed Platforms.Deploy.0 = Debug|Any CPU
		{94779BD0-F20F-40C4-A265-D13D3A0E8425}.Ad-Hoc|x86.ActiveCfg = Release|Any CPU
		{94779BD0-F20F-40C4-A265-D13D3A0E8425}.Ad-Hoc|x86.Build.0 = Release|Any CPU
		{94779BD0-F20F-40C4-A265-D13D3A0E8425}.Ad-Hoc|x86.Deploy.0 = Release|Any CPU
		{94779BD0-F20F-40C4-A265-D13D3A0E8425}.AppStore|Any CPU.ActiveCfg = Release|Any CPU
		{94779BD0-F20F-40C4-A265-D13D3A0E8425}.AppStore|Any CPU.Build.0 = Release|Any CPU
		{94779BD0-F20F-40C4-A265-D13D3A0E8425}.AppStore|Any CPU.Deploy.0 = Release|Any CPU
		{94779BD0-F20F-40C4-A265-D13D3A0E8425}.AppStore|ARM.ActiveCfg = Release|Any CPU
		{94779BD0-F20F-40C4-A265-D13D3A0E8425}.AppStore|ARM.Build.0 = Release|Any CPU
		{94779BD0-F20F-40C4-A265-D13D3A0E8425}.AppStore|ARM.Deploy.0 = Release|Any CPU
		{94779BD0-F20F-40C4-A265-D13D3A0E8425}.AppStore|iPhone.ActiveCfg = Release|Any CPU
		{94779BD0-F20F-40C4-A265-D13D3A0E8425}.AppStore|iPhone.Build.0 = Release|Any CPU
		{94779BD0-F20F-40C4-A265-D13D3A0E8425}.AppStore|iPhone.Deploy.0 = Release|Any CPU
		{94779BD0-F20F-40C4-A265-D13D3A0E8425}.AppStore|iPhoneSimulator.ActiveCfg = Release|Any CPU
		{94779BD0-F20F-40C4-A265-D13D3A0E8425}.AppStore|iPhoneSimulator.Build.0 = Release|Any CPU
		{94779BD0-F20F-40C4-A265-D13D3A0E8425}.AppStore|iPhoneSimulator.Deploy.0 = Release|Any CPU
		{94779BD0-F20F-40C4-A265-D13D3A0E8425}.AppStore|Mixed Platforms.ActiveCfg = Debug|Any CPU
		{94779BD0-F20F-40C4-A265-D13D3A0E8425}.AppStore|Mixed Platforms.Build.0 = Debug|Any CPU
		{94779BD0-F20F-40C4-A265-D13D3A0E8425}.AppStore|Mixed Platforms.Deploy.0 = Debug|Any CPU
		{94779BD0-F20F-40C4-A265-D13D3A0E8425}.AppStore|x86.ActiveCfg = Release|Any CPU
		{94779BD0-F20F-40C4-A265-D13D3A0E8425}.AppStore|x86.Build.0 = Release|Any CPU
		{94779BD0-F20F-40C4-A265-D13D3A0E8425}.AppStore|x86.Deploy.0 = Release|Any CPU
		{94779BD0-F20F-40C4-A265-D13D3A0E8425}.Debug|Any CPU.ActiveCfg = Debug|Any CPU
		{94779BD0-F20F-40C4-A265-D13D3A0E8425}.Debug|Any CPU.Build.0 = Debug|Any CPU
		{94779BD0-F20F-40C4-A265-D13D3A0E8425}.Debug|Any CPU.Deploy.0 = Debug|Any CPU
		{94779BD0-F20F-40C4-A265-D13D3A0E8425}.Debug|ARM.ActiveCfg = Debug|Any CPU
		{94779BD0-F20F-40C4-A265-D13D3A0E8425}.Debug|ARM.Build.0 = Debug|Any CPU
		{94779BD0-F20F-40C4-A265-D13D3A0E8425}.Debug|ARM.Deploy.0 = Debug|Any CPU
		{94779BD0-F20F-40C4-A265-D13D3A0E8425}.Debug|iPhone.ActiveCfg = Debug|Any CPU
		{94779BD0-F20F-40C4-A265-D13D3A0E8425}.Debug|iPhone.Build.0 = Debug|Any CPU
		{94779BD0-F20F-40C4-A265-D13D3A0E8425}.Debug|iPhone.Deploy.0 = Debug|Any CPU
		{94779BD0-F20F-40C4-A265-D13D3A0E8425}.Debug|iPhoneSimulator.ActiveCfg = Debug|Any CPU
		{94779BD0-F20F-40C4-A265-D13D3A0E8425}.Debug|iPhoneSimulator.Build.0 = Debug|Any CPU
		{94779BD0-F20F-40C4-A265-D13D3A0E8425}.Debug|iPhoneSimulator.Deploy.0 = Debug|Any CPU
		{94779BD0-F20F-40C4-A265-D13D3A0E8425}.Debug|Mixed Platforms.ActiveCfg = Debug|Any CPU
		{94779BD0-F20F-40C4-A265-D13D3A0E8425}.Debug|Mixed Platforms.Build.0 = Debug|Any CPU
		{94779BD0-F20F-40C4-A265-D13D3A0E8425}.Debug|Mixed Platforms.Deploy.0 = Debug|Any CPU
		{94779BD0-F20F-40C4-A265-D13D3A0E8425}.Debug|x86.ActiveCfg = Debug|Any CPU
		{94779BD0-F20F-40C4-A265-D13D3A0E8425}.Debug|x86.Build.0 = Debug|Any CPU
		{94779BD0-F20F-40C4-A265-D13D3A0E8425}.Debug|x86.Deploy.0 = Debug|Any CPU
		{94779BD0-F20F-40C4-A265-D13D3A0E8425}.Release|Any CPU.ActiveCfg = Release|Any CPU
		{94779BD0-F20F-40C4-A265-D13D3A0E8425}.Release|Any CPU.Build.0 = Release|Any CPU
		{94779BD0-F20F-40C4-A265-D13D3A0E8425}.Release|Any CPU.Deploy.0 = Release|Any CPU
		{94779BD0-F20F-40C4-A265-D13D3A0E8425}.Release|ARM.ActiveCfg = Release|Any CPU
		{94779BD0-F20F-40C4-A265-D13D3A0E8425}.Release|ARM.Build.0 = Release|Any CPU
		{94779BD0-F20F-40C4-A265-D13D3A0E8425}.Release|ARM.Deploy.0 = Release|Any CPU
		{94779BD0-F20F-40C4-A265-D13D3A0E8425}.Release|iPhone.ActiveCfg = Release|Any CPU
		{94779BD0-F20F-40C4-A265-D13D3A0E8425}.Release|iPhone.Build.0 = Release|Any CPU
		{94779BD0-F20F-40C4-A265-D13D3A0E8425}.Release|iPhone.Deploy.0 = Release|Any CPU
		{94779BD0-F20F-40C4-A265-D13D3A0E8425}.Release|iPhoneSimulator.ActiveCfg = Release|Any CPU
		{94779BD0-F20F-40C4-A265-D13D3A0E8425}.Release|iPhoneSimulator.Build.0 = Release|Any CPU
		{94779BD0-F20F-40C4-A265-D13D3A0E8425}.Release|iPhoneSimulator.Deploy.0 = Release|Any CPU
		{94779BD0-F20F-40C4-A265-D13D3A0E8425}.Release|Mixed Platforms.ActiveCfg = Release|Any CPU
		{94779BD0-F20F-40C4-A265-D13D3A0E8425}.Release|Mixed Platforms.Build.0 = Release|Any CPU
		{94779BD0-F20F-40C4-A265-D13D3A0E8425}.Release|Mixed Platforms.Deploy.0 = Release|Any CPU
		{94779BD0-F20F-40C4-A265-D13D3A0E8425}.Release|x86.ActiveCfg = Release|Any CPU
		{94779BD0-F20F-40C4-A265-D13D3A0E8425}.Release|x86.Build.0 = Release|Any CPU
		{94779BD0-F20F-40C4-A265-D13D3A0E8425}.Release|x86.Deploy.0 = Release|Any CPU
		{61F554ED-37AC-4B31-A465-F83965D01BFB}.Ad-Hoc|Any CPU.ActiveCfg = Release|Any CPU
		{61F554ED-37AC-4B31-A465-F83965D01BFB}.Ad-Hoc|Any CPU.Build.0 = Release|Any CPU
		{61F554ED-37AC-4B31-A465-F83965D01BFB}.Ad-Hoc|Any CPU.Deploy.0 = Release|Any CPU
		{61F554ED-37AC-4B31-A465-F83965D01BFB}.Ad-Hoc|ARM.ActiveCfg = Release|ARM
		{61F554ED-37AC-4B31-A465-F83965D01BFB}.Ad-Hoc|ARM.Build.0 = Release|ARM
		{61F554ED-37AC-4B31-A465-F83965D01BFB}.Ad-Hoc|ARM.Deploy.0 = Release|ARM
		{61F554ED-37AC-4B31-A465-F83965D01BFB}.Ad-Hoc|iPhone.ActiveCfg = Release|Any CPU
		{61F554ED-37AC-4B31-A465-F83965D01BFB}.Ad-Hoc|iPhone.Build.0 = Release|Any CPU
		{61F554ED-37AC-4B31-A465-F83965D01BFB}.Ad-Hoc|iPhone.Deploy.0 = Release|Any CPU
		{61F554ED-37AC-4B31-A465-F83965D01BFB}.Ad-Hoc|iPhoneSimulator.ActiveCfg = Release|Any CPU
		{61F554ED-37AC-4B31-A465-F83965D01BFB}.Ad-Hoc|iPhoneSimulator.Build.0 = Release|Any CPU
		{61F554ED-37AC-4B31-A465-F83965D01BFB}.Ad-Hoc|iPhoneSimulator.Deploy.0 = Release|Any CPU
		{61F554ED-37AC-4B31-A465-F83965D01BFB}.Ad-Hoc|Mixed Platforms.ActiveCfg = Debug|x86
		{61F554ED-37AC-4B31-A465-F83965D01BFB}.Ad-Hoc|Mixed Platforms.Build.0 = Debug|x86
		{61F554ED-37AC-4B31-A465-F83965D01BFB}.Ad-Hoc|Mixed Platforms.Deploy.0 = Debug|x86
		{61F554ED-37AC-4B31-A465-F83965D01BFB}.Ad-Hoc|x86.ActiveCfg = Release|x86
		{61F554ED-37AC-4B31-A465-F83965D01BFB}.Ad-Hoc|x86.Build.0 = Release|x86
		{61F554ED-37AC-4B31-A465-F83965D01BFB}.Ad-Hoc|x86.Deploy.0 = Release|x86
		{61F554ED-37AC-4B31-A465-F83965D01BFB}.AppStore|Any CPU.ActiveCfg = Release|Any CPU
		{61F554ED-37AC-4B31-A465-F83965D01BFB}.AppStore|Any CPU.Build.0 = Release|Any CPU
		{61F554ED-37AC-4B31-A465-F83965D01BFB}.AppStore|Any CPU.Deploy.0 = Release|Any CPU
		{61F554ED-37AC-4B31-A465-F83965D01BFB}.AppStore|ARM.ActiveCfg = Release|ARM
		{61F554ED-37AC-4B31-A465-F83965D01BFB}.AppStore|ARM.Build.0 = Release|ARM
		{61F554ED-37AC-4B31-A465-F83965D01BFB}.AppStore|ARM.Deploy.0 = Release|ARM
		{61F554ED-37AC-4B31-A465-F83965D01BFB}.AppStore|iPhone.ActiveCfg = Release|Any CPU
		{61F554ED-37AC-4B31-A465-F83965D01BFB}.AppStore|iPhone.Build.0 = Release|Any CPU
		{61F554ED-37AC-4B31-A465-F83965D01BFB}.AppStore|iPhone.Deploy.0 = Release|Any CPU
		{61F554ED-37AC-4B31-A465-F83965D01BFB}.AppStore|iPhoneSimulator.ActiveCfg = Release|Any CPU
		{61F554ED-37AC-4B31-A465-F83965D01BFB}.AppStore|iPhoneSimulator.Build.0 = Release|Any CPU
		{61F554ED-37AC-4B31-A465-F83965D01BFB}.AppStore|iPhoneSimulator.Deploy.0 = Release|Any CPU
		{61F554ED-37AC-4B31-A465-F83965D01BFB}.AppStore|Mixed Platforms.ActiveCfg = Debug|x86
		{61F554ED-37AC-4B31-A465-F83965D01BFB}.AppStore|Mixed Platforms.Build.0 = Debug|x86
		{61F554ED-37AC-4B31-A465-F83965D01BFB}.AppStore|Mixed Platforms.Deploy.0 = Debug|x86
		{61F554ED-37AC-4B31-A465-F83965D01BFB}.AppStore|x86.ActiveCfg = Release|x86
		{61F554ED-37AC-4B31-A465-F83965D01BFB}.AppStore|x86.Build.0 = Release|x86
		{61F554ED-37AC-4B31-A465-F83965D01BFB}.AppStore|x86.Deploy.0 = Release|x86
		{61F554ED-37AC-4B31-A465-F83965D01BFB}.Debug|Any CPU.ActiveCfg = Debug|Any CPU
		{61F554ED-37AC-4B31-A465-F83965D01BFB}.Debug|Any CPU.Build.0 = Debug|Any CPU
		{61F554ED-37AC-4B31-A465-F83965D01BFB}.Debug|Any CPU.Deploy.0 = Debug|Any CPU
		{61F554ED-37AC-4B31-A465-F83965D01BFB}.Debug|ARM.ActiveCfg = Debug|ARM
		{61F554ED-37AC-4B31-A465-F83965D01BFB}.Debug|ARM.Build.0 = Debug|ARM
		{61F554ED-37AC-4B31-A465-F83965D01BFB}.Debug|ARM.Deploy.0 = Debug|ARM
		{61F554ED-37AC-4B31-A465-F83965D01BFB}.Debug|iPhone.ActiveCfg = Debug|Any CPU
		{61F554ED-37AC-4B31-A465-F83965D01BFB}.Debug|iPhone.Build.0 = Debug|Any CPU
		{61F554ED-37AC-4B31-A465-F83965D01BFB}.Debug|iPhone.Deploy.0 = Debug|Any CPU
		{61F554ED-37AC-4B31-A465-F83965D01BFB}.Debug|iPhoneSimulator.ActiveCfg = Debug|Any CPU
		{61F554ED-37AC-4B31-A465-F83965D01BFB}.Debug|iPhoneSimulator.Build.0 = Debug|Any CPU
		{61F554ED-37AC-4B31-A465-F83965D01BFB}.Debug|iPhoneSimulator.Deploy.0 = Debug|Any CPU
		{61F554ED-37AC-4B31-A465-F83965D01BFB}.Debug|Mixed Platforms.ActiveCfg = Debug|x86
		{61F554ED-37AC-4B31-A465-F83965D01BFB}.Debug|Mixed Platforms.Build.0 = Debug|x86
		{61F554ED-37AC-4B31-A465-F83965D01BFB}.Debug|Mixed Platforms.Deploy.0 = Debug|x86
		{61F554ED-37AC-4B31-A465-F83965D01BFB}.Debug|x86.ActiveCfg = Debug|x86
		{61F554ED-37AC-4B31-A465-F83965D01BFB}.Debug|x86.Build.0 = Debug|x86
		{61F554ED-37AC-4B31-A465-F83965D01BFB}.Debug|x86.Deploy.0 = Debug|x86
		{61F554ED-37AC-4B31-A465-F83965D01BFB}.Release|Any CPU.ActiveCfg = Release|Any CPU
		{61F554ED-37AC-4B31-A465-F83965D01BFB}.Release|Any CPU.Build.0 = Release|Any CPU
		{61F554ED-37AC-4B31-A465-F83965D01BFB}.Release|Any CPU.Deploy.0 = Release|Any CPU
		{61F554ED-37AC-4B31-A465-F83965D01BFB}.Release|ARM.ActiveCfg = Release|ARM
		{61F554ED-37AC-4B31-A465-F83965D01BFB}.Release|ARM.Build.0 = Release|ARM
		{61F554ED-37AC-4B31-A465-F83965D01BFB}.Release|ARM.Deploy.0 = Release|ARM
		{61F554ED-37AC-4B31-A465-F83965D01BFB}.Release|iPhone.ActiveCfg = Release|Any CPU
		{61F554ED-37AC-4B31-A465-F83965D01BFB}.Release|iPhone.Build.0 = Release|Any CPU
		{61F554ED-37AC-4B31-A465-F83965D01BFB}.Release|iPhone.Deploy.0 = Release|Any CPU
		{61F554ED-37AC-4B31-A465-F83965D01BFB}.Release|iPhoneSimulator.ActiveCfg = Release|Any CPU
		{61F554ED-37AC-4B31-A465-F83965D01BFB}.Release|iPhoneSimulator.Build.0 = Release|Any CPU
		{61F554ED-37AC-4B31-A465-F83965D01BFB}.Release|iPhoneSimulator.Deploy.0 = Release|Any CPU
		{61F554ED-37AC-4B31-A465-F83965D01BFB}.Release|Mixed Platforms.ActiveCfg = Release|x86
		{61F554ED-37AC-4B31-A465-F83965D01BFB}.Release|Mixed Platforms.Build.0 = Release|x86
		{61F554ED-37AC-4B31-A465-F83965D01BFB}.Release|Mixed Platforms.Deploy.0 = Release|x86
		{61F554ED-37AC-4B31-A465-F83965D01BFB}.Release|x86.ActiveCfg = Release|x86
		{61F554ED-37AC-4B31-A465-F83965D01BFB}.Release|x86.Build.0 = Release|x86
		{61F554ED-37AC-4B31-A465-F83965D01BFB}.Release|x86.Deploy.0 = Release|x86
		{5B2C47AF-44E1-44A5-8432-8B0946DB8A44}.Ad-Hoc|Any CPU.ActiveCfg = Release|Any CPU
		{5B2C47AF-44E1-44A5-8432-8B0946DB8A44}.Ad-Hoc|Any CPU.Build.0 = Release|Any CPU
		{5B2C47AF-44E1-44A5-8432-8B0946DB8A44}.Ad-Hoc|Any CPU.Deploy.0 = Release|Any CPU
		{5B2C47AF-44E1-44A5-8432-8B0946DB8A44}.Ad-Hoc|ARM.ActiveCfg = Release|Any CPU
		{5B2C47AF-44E1-44A5-8432-8B0946DB8A44}.Ad-Hoc|ARM.Build.0 = Release|Any CPU
		{5B2C47AF-44E1-44A5-8432-8B0946DB8A44}.Ad-Hoc|ARM.Deploy.0 = Release|Any CPU
		{5B2C47AF-44E1-44A5-8432-8B0946DB8A44}.Ad-Hoc|iPhone.ActiveCfg = Release|Any CPU
		{5B2C47AF-44E1-44A5-8432-8B0946DB8A44}.Ad-Hoc|iPhone.Build.0 = Release|Any CPU
		{5B2C47AF-44E1-44A5-8432-8B0946DB8A44}.Ad-Hoc|iPhone.Deploy.0 = Release|Any CPU
		{5B2C47AF-44E1-44A5-8432-8B0946DB8A44}.Ad-Hoc|iPhoneSimulator.ActiveCfg = Release|Any CPU
		{5B2C47AF-44E1-44A5-8432-8B0946DB8A44}.Ad-Hoc|iPhoneSimulator.Build.0 = Release|Any CPU
		{5B2C47AF-44E1-44A5-8432-8B0946DB8A44}.Ad-Hoc|iPhoneSimulator.Deploy.0 = Release|Any CPU
		{5B2C47AF-44E1-44A5-8432-8B0946DB8A44}.Ad-Hoc|Mixed Platforms.ActiveCfg = Debug|Any CPU
		{5B2C47AF-44E1-44A5-8432-8B0946DB8A44}.Ad-Hoc|Mixed Platforms.Build.0 = Debug|Any CPU
		{5B2C47AF-44E1-44A5-8432-8B0946DB8A44}.Ad-Hoc|Mixed Platforms.Deploy.0 = Debug|Any CPU
		{5B2C47AF-44E1-44A5-8432-8B0946DB8A44}.Ad-Hoc|x86.ActiveCfg = Release|Any CPU
		{5B2C47AF-44E1-44A5-8432-8B0946DB8A44}.Ad-Hoc|x86.Build.0 = Release|Any CPU
		{5B2C47AF-44E1-44A5-8432-8B0946DB8A44}.Ad-Hoc|x86.Deploy.0 = Release|Any CPU
		{5B2C47AF-44E1-44A5-8432-8B0946DB8A44}.AppStore|Any CPU.ActiveCfg = Release|Any CPU
		{5B2C47AF-44E1-44A5-8432-8B0946DB8A44}.AppStore|Any CPU.Build.0 = Release|Any CPU
		{5B2C47AF-44E1-44A5-8432-8B0946DB8A44}.AppStore|Any CPU.Deploy.0 = Release|Any CPU
		{5B2C47AF-44E1-44A5-8432-8B0946DB8A44}.AppStore|ARM.ActiveCfg = Release|Any CPU
		{5B2C47AF-44E1-44A5-8432-8B0946DB8A44}.AppStore|ARM.Build.0 = Release|Any CPU
		{5B2C47AF-44E1-44A5-8432-8B0946DB8A44}.AppStore|ARM.Deploy.0 = Release|Any CPU
		{5B2C47AF-44E1-44A5-8432-8B0946DB8A44}.AppStore|iPhone.ActiveCfg = Release|Any CPU
		{5B2C47AF-44E1-44A5-8432-8B0946DB8A44}.AppStore|iPhone.Build.0 = Release|Any CPU
		{5B2C47AF-44E1-44A5-8432-8B0946DB8A44}.AppStore|iPhone.Deploy.0 = Release|Any CPU
		{5B2C47AF-44E1-44A5-8432-8B0946DB8A44}.AppStore|iPhoneSimulator.ActiveCfg = Release|Any CPU
		{5B2C47AF-44E1-44A5-8432-8B0946DB8A44}.AppStore|iPhoneSimulator.Build.0 = Release|Any CPU
		{5B2C47AF-44E1-44A5-8432-8B0946DB8A44}.AppStore|iPhoneSimulator.Deploy.0 = Release|Any CPU
		{5B2C47AF-44E1-44A5-8432-8B0946DB8A44}.AppStore|Mixed Platforms.ActiveCfg = Debug|Any CPU
		{5B2C47AF-44E1-44A5-8432-8B0946DB8A44}.AppStore|Mixed Platforms.Build.0 = Debug|Any CPU
		{5B2C47AF-44E1-44A5-8432-8B0946DB8A44}.AppStore|Mixed Platforms.Deploy.0 = Debug|Any CPU
		{5B2C47AF-44E1-44A5-8432-8B0946DB8A44}.AppStore|x86.ActiveCfg = Release|Any CPU
		{5B2C47AF-44E1-44A5-8432-8B0946DB8A44}.AppStore|x86.Build.0 = Release|Any CPU
		{5B2C47AF-44E1-44A5-8432-8B0946DB8A44}.AppStore|x86.Deploy.0 = Release|Any CPU
		{5B2C47AF-44E1-44A5-8432-8B0946DB8A44}.Debug|Any CPU.ActiveCfg = Debug|Any CPU
		{5B2C47AF-44E1-44A5-8432-8B0946DB8A44}.Debug|Any CPU.Build.0 = Debug|Any CPU
		{5B2C47AF-44E1-44A5-8432-8B0946DB8A44}.Debug|Any CPU.Deploy.0 = Debug|Any CPU
		{5B2C47AF-44E1-44A5-8432-8B0946DB8A44}.Debug|ARM.ActiveCfg = Debug|Any CPU
		{5B2C47AF-44E1-44A5-8432-8B0946DB8A44}.Debug|ARM.Build.0 = Debug|Any CPU
		{5B2C47AF-44E1-44A5-8432-8B0946DB8A44}.Debug|ARM.Deploy.0 = Debug|Any CPU
		{5B2C47AF-44E1-44A5-8432-8B0946DB8A44}.Debug|iPhone.ActiveCfg = Debug|Any CPU
		{5B2C47AF-44E1-44A5-8432-8B0946DB8A44}.Debug|iPhone.Build.0 = Debug|Any CPU
		{5B2C47AF-44E1-44A5-8432-8B0946DB8A44}.Debug|iPhone.Deploy.0 = Debug|Any CPU
		{5B2C47AF-44E1-44A5-8432-8B0946DB8A44}.Debug|iPhoneSimulator.ActiveCfg = Debug|Any CPU
		{5B2C47AF-44E1-44A5-8432-8B0946DB8A44}.Debug|iPhoneSimulator.Build.0 = Debug|Any CPU
		{5B2C47AF-44E1-44A5-8432-8B0946DB8A44}.Debug|iPhoneSimulator.Deploy.0 = Debug|Any CPU
		{5B2C47AF-44E1-44A5-8432-8B0946DB8A44}.Debug|Mixed Platforms.ActiveCfg = Debug|Any CPU
		{5B2C47AF-44E1-44A5-8432-8B0946DB8A44}.Debug|Mixed Platforms.Build.0 = Debug|Any CPU
		{5B2C47AF-44E1-44A5-8432-8B0946DB8A44}.Debug|Mixed Platforms.Deploy.0 = Debug|Any CPU
		{5B2C47AF-44E1-44A5-8432-8B0946DB8A44}.Debug|x86.ActiveCfg = Debug|Any CPU
		{5B2C47AF-44E1-44A5-8432-8B0946DB8A44}.Debug|x86.Build.0 = Debug|Any CPU
		{5B2C47AF-44E1-44A5-8432-8B0946DB8A44}.Debug|x86.Deploy.0 = Debug|Any CPU
		{5B2C47AF-44E1-44A5-8432-8B0946DB8A44}.Release|Any CPU.ActiveCfg = Release|Any CPU
		{5B2C47AF-44E1-44A5-8432-8B0946DB8A44}.Release|Any CPU.Build.0 = Release|Any CPU
		{5B2C47AF-44E1-44A5-8432-8B0946DB8A44}.Release|Any CPU.Deploy.0 = Release|Any CPU
		{5B2C47AF-44E1-44A5-8432-8B0946DB8A44}.Release|ARM.ActiveCfg = Release|Any CPU
		{5B2C47AF-44E1-44A5-8432-8B0946DB8A44}.Release|ARM.Build.0 = Release|Any CPU
		{5B2C47AF-44E1-44A5-8432-8B0946DB8A44}.Release|ARM.Deploy.0 = Release|Any CPU
		{5B2C47AF-44E1-44A5-8432-8B0946DB8A44}.Release|iPhone.ActiveCfg = Release|Any CPU
		{5B2C47AF-44E1-44A5-8432-8B0946DB8A44}.Release|iPhone.Build.0 = Release|Any CPU
		{5B2C47AF-44E1-44A5-8432-8B0946DB8A44}.Release|iPhone.Deploy.0 = Release|Any CPU
		{5B2C47AF-44E1-44A5-8432-8B0946DB8A44}.Release|iPhoneSimulator.ActiveCfg = Release|Any CPU
		{5B2C47AF-44E1-44A5-8432-8B0946DB8A44}.Release|iPhoneSimulator.Build.0 = Release|Any CPU
		{5B2C47AF-44E1-44A5-8432-8B0946DB8A44}.Release|iPhoneSimulator.Deploy.0 = Release|Any CPU
		{5B2C47AF-44E1-44A5-8432-8B0946DB8A44}.Release|Mixed Platforms.ActiveCfg = Release|Any CPU
		{5B2C47AF-44E1-44A5-8432-8B0946DB8A44}.Release|Mixed Platforms.Build.0 = Release|Any CPU
		{5B2C47AF-44E1-44A5-8432-8B0946DB8A44}.Release|Mixed Platforms.Deploy.0 = Release|Any CPU
		{5B2C47AF-44E1-44A5-8432-8B0946DB8A44}.Release|x86.ActiveCfg = Release|Any CPU
		{5B2C47AF-44E1-44A5-8432-8B0946DB8A44}.Release|x86.Build.0 = Release|Any CPU
		{5B2C47AF-44E1-44A5-8432-8B0946DB8A44}.Release|x86.Deploy.0 = Release|Any CPU
	EndGlobalSection
	GlobalSection(SolutionProperties) = preSolution
		HideSolutionNode = FALSE
	EndGlobalSection
	GlobalSection(NestedProjects) = preSolution
		{5B2C47AF-44E1-44A5-8432-8B0946DB8A44} = {8EF33E96-1DFE-4027-B908-5BB8FFBECDE8}
	EndGlobalSection
EndGlobal
